{
  "requires": true,
  "lockfileVersion": 1,
  "dependencies": {
    "immer": {
      "version": "9.0.1",
      "resolved": "https://registry.npmjs.org/immer/-/immer-9.0.1.tgz",
      "integrity": "sha512-7CCw1DSgr8kKYXTYOI1qMM/f5qxT5vIVMeGLDCDX8CSxsggr1Sjdoha4OhsP0AZ1UvWbyZlILHvLjaynuu02Mg=="
    }
  }
}
